// !$*UTF8*$!
{
	archiveVersion = 1;
	classes = {
	};
	objectVersion = 51;
	objects = {

/* Begin PBXBuildFile section */
		0A6AC2FE482FA72D0B474D23 /* XcloudTestApp.swift in Sources */ = {isa = PBXBuildFile; fileRef = 5C020F3243534585A448225D /* XcloudTestApp.swift */; };
		15A646F1E8F2FB6FF2263229 /* Preview Assets.xcassets in Resources */ = {isa = PBXBuildFile; fileRef = 131BEC7607A9CF75CBA78A2A /* Preview Assets.xcassets */; };
		A911F3A27DC972CB054DDB43 /* Assets.xcassets in Resources */ = {isa = PBXBuildFile; fileRef = C4E8A46A6549024C9FD036E1 /* Assets.xcassets */; };
		D26BA09282BD481034EAFACF /* ContentView.swift in Sources */ = {isa = PBXBuildFile; fileRef = F64993C340314ECC9CF94EFC /* ContentView.swift */; };
		E0195E1A5063003FCC14444B /* XcloudTestTests.swift in Sources */ = {isa = PBXBuildFile; fileRef = 45B461D13CC455A3B7DE9B16 /* XcloudTestTests.swift */; };
/* End PBXBuildFile section */

/* Begin PBXFileReference section */
		1111BEF0A3D4FC4450BEF4F9 /* XcloudTest.app */ = {isa = PBXFileReference; includeInIndex = 0; lastKnownFileType = wrapper.application; path = XcloudTest.app; sourceTree = BUILT_PRODUCTS_DIR; };
		131BEC7607A9CF75CBA78A2A /* Preview Assets.xcassets */ = {isa = PBXFileReference; lastKnownFileType = folder.assetcatalog; path = "Preview Assets.xcassets"; sourceTree = "<group>"; };
		45B461D13CC455A3B7DE9B16 /* XcloudTestTests.swift */ = {isa = PBXFileReference; lastKnownFileType = sourcecode.swift; path = XcloudTestTests.swift; sourceTree = "<group>"; };
		5C020F3243534585A448225D /* XcloudTestApp.swift */ = {isa = PBXFileReference; lastKnownFileType = sourcecode.swift; path = XcloudTestApp.swift; sourceTree = "<group>"; };
		C4E8A46A6549024C9FD036E1 /* Assets.xcassets */ = {isa = PBXFileReference; lastKnownFileType = folder.assetcatalog; path = Assets.xcassets; sourceTree = "<group>"; };
		DEF3F8B065A7D94F9A06A9B4 /* XcloudTestTests.xctest */ = {isa = PBXFileReference; includeInIndex = 0; lastKnownFileType = wrapper.cfbundle; path = XcloudTestTests.xctest; sourceTree = BUILT_PRODUCTS_DIR; };
		F64993C340314ECC9CF94EFC /* ContentView.swift */ = {isa = PBXFileReference; lastKnownFileType = sourcecode.swift; path = ContentView.swift; sourceTree = "<group>"; };
/* End PBXFileReference section */

/* Begin PBXGroup section */
		1DA9044CAA7F9E6F9448C90A /* Preview Content */ = {
			isa = PBXGroup;
			children = (
				131BEC7607A9CF75CBA78A2A /* Preview Assets.xcassets */,
			);
			path = "Preview Content";
			sourceTree = "<group>";
		};
		36C7E54CBDCBFF4675A357E5 = {
			isa = PBXGroup;
			children = (
				C98726B9FD0C13D660406ADC /* XcloudTest */,
				C290167F4DF93340A1374018 /* XcloudTestTests */,
				4ADD06AF1068292A59472D72 /* Products */,
			);
			indentWidth = 2;
			sourceTree = "<group>";
			tabWidth = 2;
		};
		4ADD06AF1068292A59472D72 /* Products */ = {
			isa = PBXGroup;
			children = (
				1111BEF0A3D4FC4450BEF4F9 /* XcloudTest.app */,
				DEF3F8B065A7D94F9A06A9B4 /* XcloudTestTests.xctest */,
			);
			name = Products;
			sourceTree = "<group>";
		};
		C290167F4DF93340A1374018 /* XcloudTestTests */ = {
			isa = PBXGroup;
			children = (
				45B461D13CC455A3B7DE9B16 /* XcloudTestTests.swift */,
			);
			path = XcloudTestTests;
			sourceTree = "<group>";
		};
		C98726B9FD0C13D660406ADC /* XcloudTest */ = {
			isa = PBXGroup;
			children = (
				C4E8A46A6549024C9FD036E1 /* Assets.xcassets */,
				F64993C340314ECC9CF94EFC /* ContentView.swift */,
				5C020F3243534585A448225D /* XcloudTestApp.swift */,
				1DA9044CAA7F9E6F9448C90A /* Preview Content */,
			);
			path = XcloudTest;
			sourceTree = "<group>";
		};
/* End PBXGroup section */

/* Begin PBXNativeTarget section */
		6AF0D4759EA7C3681013487F /* XcloudTestTests */ = {
			isa = PBXNativeTarget;
			buildConfigurationList = 1C15C3EDB4E2B4F462B996E2 /* Build configuration list for PBXNativeTarget "XcloudTestTests" */;
			buildPhases = (
				CC6C51A7E1F6CFC54D6F81E2 /* Sources */,
			);
			buildRules = (
			);
			dependencies = (
			);
			name = XcloudTestTests;
			productName = XcloudTestTests;
			productReference = DEF3F8B065A7D94F9A06A9B4 /* XcloudTestTests.xctest */;
			productType = "com.apple.product-type.bundle.unit-test";
		};
		D5BB9A6A6C11DAF856DA5707 /* XcloudTest */ = {
			isa = PBXNativeTarget;
			buildConfigurationList = BF55BBFF1EE2DA00C59F4872 /* Build configuration list for PBXNativeTarget "XcloudTest" */;
			buildPhases = (
				281B2F30117D60B852210B2C /* Sources */,
				D7DCDA4AD7911FABD2D8CA9D /* Resources */,
			);
			buildRules = (
			);
			dependencies = (
			);
			name = XcloudTest;
			productName = XcloudTest;
			productReference = 1111BEF0A3D4FC4450BEF4F9 /* XcloudTest.app */;
			productType = "com.apple.product-type.application";
		};
/* End PBXNativeTarget section */

/* Begin PBXProject section */
		3228A66C9D088152351D0718 /* Project object */ = {
			isa = PBXProject;
			attributes = {
				LastUpgradeCheck = 1200;
				TargetAttributes = {
					D5BB9A6A6C11DAF856DA5707 = {
						DevelopmentTeam = 793K46RDR4;
					};
				};
			};
			buildConfigurationList = 5F9723023E62FAF281440781 /* Build configuration list for PBXProject "XcloudTest" */;
			compatibilityVersion = "Xcode 11.0";
			developmentRegion = en;
			hasScannedForEncodings = 0;
			knownRegions = (
				Base,
				en,
			);
			mainGroup = 36C7E54CBDCBFF4675A357E5;
			projectDirPath = "";
			projectRoot = "";
			targets = (
				D5BB9A6A6C11DAF856DA5707 /* XcloudTest */,
				6AF0D4759EA7C3681013487F /* XcloudTestTests */,
			);
		};
/* End PBXProject section */

/* Begin PBXResourcesBuildPhase section */
		D7DCDA4AD7911FABD2D8CA9D /* Resources */ = {
			isa = PBXResourcesBuildPhase;
			buildActionMask = 2147483647;
			files = (
				A911F3A27DC972CB054DDB43 /* Assets.xcassets in Resources */,
				15A646F1E8F2FB6FF2263229 /* Preview Assets.xcassets in Resources */,
			);
			runOnlyForDeploymentPostprocessing = 0;
		};
/* End PBXResourcesBuildPhase section */

/* Begin PBXSourcesBuildPhase section */
		281B2F30117D60B852210B2C /* Sources */ = {
			isa = PBXSourcesBuildPhase;
			buildActionMask = 2147483647;
			files = (
				D26BA09282BD481034EAFACF /* ContentView.swift in Sources */,
				0A6AC2FE482FA72D0B474D23 /* XcloudTestApp.swift in Sources */,
			);
			runOnlyForDeploymentPostprocessing = 0;
		};
		CC6C51A7E1F6CFC54D6F81E2 /* Sources */ = {
			isa = PBXSourcesBuildPhase;
			buildActionMask = 2147483647;
			files = (
				E0195E1A5063003FCC14444B /* XcloudTestTests.swift in Sources */,
			);
			runOnlyForDeploymentPostprocessing = 0;
		};
/* End PBXSourcesBuildPhase section */

/* Begin XCBuildConfiguration section */
		03D57A8DB83F8DE90A0BC894 /* Release */ = {
			isa = XCBuildConfiguration;
			buildSettings = {
				BUNDLE_LOADER = "$(TEST_HOST)";
				LD_RUNPATH_SEARCH_PATHS = (
					"$(inherited)",
					"@executable_path/Frameworks",
					"@loader_path/Frameworks",
				);
				SDKROOT = iphoneos;
				TARGETED_DEVICE_FAMILY = "1,2";
			};
			name = Release;
		};
		13009E4426E49929365E4B90 /* Debug */ = {
			isa = XCBuildConfiguration;
			buildSettings = {
				ALWAYS_SEARCH_USER_PATHS = NO;
				CLANG_ANALYZER_NONNULL = YES;
				CLANG_ANALYZER_NUMBER_OBJECT_CONVERSION = YES_AGGRESSIVE;
				CLANG_CXX_LANGUAGE_STANDARD = "gnu++14";
				CLANG_CXX_LIBRARY = "libc++";
				CLANG_ENABLE_MODULES = YES;
				CLANG_ENABLE_OBJC_ARC = YES;
				CLANG_ENABLE_OBJC_WEAK = YES;
				CLANG_WARN_BLOCK_CAPTURE_AUTORELEASING = YES;
				CLANG_WARN_BOOL_CONVERSION = YES;
				CLANG_WARN_COMMA = YES;
				CLANG_WARN_CONSTANT_CONVERSION = YES;
				CLANG_WARN_DEPRECATED_OBJC_IMPLEMENTATIONS = YES;
				CLANG_WARN_DIRECT_OBJC_ISA_USAGE = YES_ERROR;
				CLANG_WARN_DOCUMENTATION_COMMENTS = YES;
				CLANG_WARN_EMPTY_BODY = YES;
				CLANG_WARN_ENUM_CONVERSION = YES;
				CLANG_WARN_INFINITE_RECURSION = YES;
				CLANG_WARN_INT_CONVERSION = YES;
				CLANG_WARN_NON_LITERAL_NULL_CONVERSION = YES;
				CLANG_WARN_OBJC_IMPLICIT_RETAIN_SELF = YES;
				CLANG_WARN_OBJC_LITERAL_CONVERSION = YES;
				CLANG_WARN_OBJC_ROOT_CLASS = YES_ERROR;
				CLANG_WARN_QUOTED_INCLUDE_IN_FRAMEWORK_HEADER = YES;
				CLANG_WARN_RANGE_LOOP_ANALYSIS = YES;
				CLANG_WARN_STRICT_PROTOTYPES = YES;
				CLANG_WARN_SUSPICIOUS_MOVE = YES;
				CLANG_WARN_UNGUARDED_AVAILABILITY = YES_AGGRESSIVE;
				CLANG_WARN_UNREACHABLE_CODE = YES;
				CLANG_WARN__DUPLICATE_METHOD_MATCH = YES;
				COPY_PHASE_STRIP = NO;
				DEBUG_INFORMATION_FORMAT = dwarf;
				ENABLE_STRICT_OBJC_MSGSEND = YES;
				ENABLE_TESTABILITY = YES;
				GCC_C_LANGUAGE_STANDARD = gnu11;
				GCC_DYNAMIC_NO_PIC = NO;
				GCC_NO_COMMON_BLOCKS = YES;
				GCC_OPTIMIZATION_LEVEL = 0;
				GCC_PREPROCESSOR_DEFINITIONS = (
					"$(inherited)",
					"DEBUG=1",
				);
				GCC_WARN_64_TO_32_BIT_CONVERSION = YES;
				GCC_WARN_ABOUT_RETURN_TYPE = YES_ERROR;
				GCC_WARN_UNDECLARED_SELECTOR = YES;
				GCC_WARN_UNINITIALIZED_AUTOS = YES_AGGRESSIVE;
				GCC_WARN_UNUSED_FUNCTION = YES;
				GCC_WARN_UNUSED_VARIABLE = YES;
				MTL_ENABLE_DEBUG_INFO = INCLUDE_SOURCE;
				MTL_FAST_MATH = YES;
				ONLY_ACTIVE_ARCH = YES;
				PRODUCT_NAME = "$(TARGET_NAME)";
				SDKROOT = iphoneos;
				SWIFT_ACTIVE_COMPILATION_CONDITIONS = DEBUG;
				SWIFT_OPTIMIZATION_LEVEL = "-Onone";
				SWIFT_VERSION = 5.0;
			};
			name = Debug;
		};
		2B0930026ABB74CF9924AF61 /* Release */ = {
			isa = XCBuildConfiguration;
			buildSettings = {
				ALWAYS_SEARCH_USER_PATHS = NO;
				CLANG_ANALYZER_NONNULL = YES;
				CLANG_ANALYZER_NUMBER_OBJECT_CONVERSION = YES_AGGRESSIVE;
				CLANG_CXX_LANGUAGE_STANDARD = "gnu++14";
				CLANG_CXX_LIBRARY = "libc++";
				CLANG_ENABLE_MODULES = YES;
				CLANG_ENABLE_OBJC_ARC = YES;
				CLANG_ENABLE_OBJC_WEAK = YES;
				CLANG_WARN_BLOCK_CAPTURE_AUTORELEASING = YES;
				CLANG_WARN_BOOL_CONVERSION = YES;
				CLANG_WARN_COMMA = YES;
				CLANG_WARN_CONSTANT_CONVERSION = YES;
				CLANG_WARN_DEPRECATED_OBJC_IMPLEMENTATIONS = YES;
				CLANG_WARN_DIRECT_OBJC_ISA_USAGE = YES_ERROR;
				CLANG_WARN_DOCUMENTATION_COMMENTS = YES;
				CLANG_WARN_EMPTY_BODY = YES;
				CLANG_WARN_ENUM_CONVERSION = YES;
				CLANG_WARN_INFINITE_RECURSION = YES;
				CLANG_WARN_INT_CONVERSION = YES;
				CLANG_WARN_NON_LITERAL_NULL_CONVERSION = YES;
				CLANG_WARN_OBJC_IMPLICIT_RETAIN_SELF = YES;
				CLANG_WARN_OBJC_LITERAL_CONVERSION = YES;
				CLANG_WARN_OBJC_ROOT_CLASS = YES_ERROR;
				CLANG_WARN_QUOTED_INCLUDE_IN_FRAMEWORK_HEADER = YES;
				CLANG_WARN_RANGE_LOOP_ANALYSIS = YES;
				CLANG_WARN_STRICT_PROTOTYPES = YES;
				CLANG_WARN_SUSPICIOUS_MOVE = YES;
				CLANG_WARN_UNGUARDED_AVAILABILITY = YES_AGGRESSIVE;
				CLANG_WARN_UNREACHABLE_CODE = YES;
				CLANG_WARN__DUPLICATE_METHOD_MATCH = YES;
				COPY_PHASE_STRIP = NO;
				DEBUG_INFORMATION_FORMAT = "dwarf-with-dsym";
				ENABLE_NS_ASSERTIONS = NO;
				ENABLE_STRICT_OBJC_MSGSEND = YES;
				GCC_C_LANGUAGE_STANDARD = gnu11;
				GCC_NO_COMMON_BLOCKS = YES;
				GCC_WARN_64_TO_32_BIT_CONVERSION = YES;
				GCC_WARN_ABOUT_RETURN_TYPE = YES_ERROR;
				GCC_WARN_UNDECLARED_SELECTOR = YES;
				GCC_WARN_UNINITIALIZED_AUTOS = YES_AGGRESSIVE;
				GCC_WARN_UNUSED_FUNCTION = YES;
				GCC_WARN_UNUSED_VARIABLE = YES;
				MTL_ENABLE_DEBUG_INFO = NO;
				MTL_FAST_MATH = YES;
				PRODUCT_NAME = "$(TARGET_NAME)";
				SDKROOT = iphoneos;
				SWIFT_COMPILATION_MODE = wholemodule;
				SWIFT_OPTIMIZATION_LEVEL = "-O";
				SWIFT_VERSION = 5.0;
			};
			name = Release;
		};
		762DB7111272E5F8632EB9A2 /* Release */ = {
			isa = XCBuildConfiguration;
			buildSettings = {
				ASSETCATALOG_COMPILER_APPICON_NAME = AppIcon;
				CODE_SIGN_IDENTITY = "iPhone Developer";
				CURRENT_PROJECT_VERSION = 1.0;
				DEVELOPMENT_TEAM = 793K46RDR4;
				INFOPLIST_FILE = XcloudTest/Resources/Info.plist;
				IPHONEOS_DEPLOYMENT_TARGET = 15.5;
				LD_RUNPATH_SEARCH_PATHS = (
					"$(inherited)",
					"@executable_path/Frameworks",
				);
				MARKETING_VERSION = 1.0.0;
				OTHER_LDFLAGS = "-Xlinker -interposable";
				SDKROOT = iphoneos;
				TARGETED_DEVICE_FAMILY = "1,2";
			};
			name = Release;
		};
		B46CA2CCDAC9AB3E3533D989 /* Debug */ = {
			isa = XCBuildConfiguration;
			buildSettings = {
				BUNDLE_LOADER = "$(TEST_HOST)";
				LD_RUNPATH_SEARCH_PATHS = (
					"$(inherited)",
					"@executable_path/Frameworks",
					"@loader_path/Frameworks",
				);
				SDKROOT = iphoneos;
				TARGETED_DEVICE_FAMILY = "1,2";
			};
			name = Debug;
		};
		C75D8E30C87D602B81D1D6E9 /* Debug */ = {
			isa = XCBuildConfiguration;
			buildSettings = {
				ASSETCATALOG_COMPILER_APPICON_NAME = AppIcon;
				CODE_SIGN_IDENTITY = "iPhone Developer";
				CURRENT_PROJECT_VERSION = 1.0;
				DEVELOPMENT_TEAM = 793K46RDR4;
				INFOPLIST_FILE = XcloudTest/Resources/Info.plist;
				IPHONEOS_DEPLOYMENT_TARGET = 15.5;
				LD_RUNPATH_SEARCH_PATHS = (
					"$(inherited)",
					"@executable_path/Frameworks",
				);
				MARKETING_VERSION = 1.0.0;
				OTHER_LDFLAGS = "-Xlinker -interposable";
				SDKROOT = iphoneos;
				TARGETED_DEVICE_FAMILY = "1,2";
			};
			name = Debug;
		};
/* End XCBuildConfiguration section */

/* Begin XCConfigurationList section */
		1C15C3EDB4E2B4F462B996E2 /* Build configuration list for PBXNativeTarget "XcloudTestTests" */ = {
			isa = XCConfigurationList;
			buildConfigurations = (
				B46CA2CCDAC9AB3E3533D989 /* Debug */,
				03D57A8DB83F8DE90A0BC894 /* Release */,
			);
			defaultConfigurationIsVisible = 0;
			defaultConfigurationName = Debug;
		};
		5F9723023E62FAF281440781 /* Build configuration list for PBXProject "XcloudTest" */ = {
			isa = XCConfigurationList;
			buildConfigurations = (
				13009E4426E49929365E4B90 /* Debug */,
				2B0930026ABB74CF9924AF61 /* Release */,
			);
			defaultConfigurationIsVisible = 0;
			defaultConfigurationName = Debug;
		};
		BF55BBFF1EE2DA00C59F4872 /* Build configuration list for PBXNativeTarget "XcloudTest" */ = {
			isa = XCConfigurationList;
			buildConfigurations = (
				C75D8E30C87D602B81D1D6E9 /* Debug */,
				762DB7111272E5F8632EB9A2 /* Release */,
			);
			defaultConfigurationIsVisible = 0;
			defaultConfigurationName = Debug;
		};
/* End XCConfigurationList section */
	};
	rootObject = 3228A66C9D088152351D0718 /* Project object */;
}
